PODS:
  - Alamofire (4.8.0)
  - Starscream (3.0.6)

DEPENDENCIES:
  - Alamofire (~> 4.7)
  - Starscream (~> 3.0.2)

SPEC REPOS:
  https://github.com/cocoapods/specs.git:
    - Alamofire
    - Starscream

SPEC CHECKSUMS:
  Alamofire: 3ec537f71edc9804815215393ae2b1a8ea33a844
  Starscream: ef3ece99d765eeccb67de105bfa143f929026cf5

PODFILE CHECKSUM: 40a718144487ab3432a5d732c42b7b5bf1ca9d39

COCOAPODS: 1.5.3
